
Microsoft Visual Studio Solution File, Format Version 12.00
# Visual Studio Version 16
VisualStudioVersion = 16.0.30611.23
MinimumVisualStudioVersion = 10.0.40219.1
Project("{FAE04EC0-301F-11D3-BF4B-00C04F79EFBC}") = "AccessModifiers", "AccessModifiers\AccessModifiers.csproj", "{BC63A75B-D9B1-447E-B641-0CE12307FBA6}"
EndProject
Project("{FAE04EC0-301F-11D3-BF4B-00C04F79EFBC}") = "Amazon", "Amazon\Amazon.csproj", "{DB56AE71-5F1C-4D85-AAA6-FBEC0B7765FF}"
EndProject
Global
	GlobalSection(SolutionConfigurationPlatforms) = preSolution
		Debug|Any CPU = Debug|Any CPU
		Release|Any CPU = Release|Any CPU
	EndGlobalSection
	GlobalSection(ProjectConfigurationPlatforms) = postSolution
		{BC63A75B-D9B1-447E-B641-0CE12307FBA6}.Debug|Any CPU.ActiveCfg = Debug|Any CPU
		{BC63A75B-D9B1-447E-B641-0CE12307FBA6}.Debug|Any CPU.Build.0 = Debug|Any CPU
		{BC63A75B-D9B1-447E-B641-0CE12307FBA6}.Release|Any CPU.ActiveCfg = Release|Any CPU
		{BC63A75B-D9B1-447E-B641-0CE12307FBA6}.Release|Any CPU.Build.0 = Release|Any CPU
		{DB56AE71-5F1C-4D85-AAA6-FBEC0B7765FF}.Debug|Any CPU.ActiveCfg = Debug|Any CPU
		{DB56AE71-5F1C-4D85-AAA6-FBEC0B7765FF}.Debug|Any CPU.Build.0 = Debug|Any CPU
		{DB56AE71-5F1C-4D85-AAA6-FBEC0B7765FF}.Release|Any CPU.ActiveCfg = Release|Any CPU
		{DB56AE71-5F1C-4D85-AAA6-FBEC0B7765FF}.Release|Any CPU.Build.0 = Release|Any CPU
	EndGlobalSection
	GlobalSection(SolutionProperties) = preSolution
		HideSolutionNode = FALSE
	EndGlobalSection
	GlobalSection(ExtensibilityGlobals) = postSolution
		SolutionGuid = {D1A8B2C4-BD5D-4C48-AB55-DB8D591FBCF4}
	EndGlobalSection
EndGlobal
