
Microsoft Visual Studio Solution File, Format Version 12.00
# Visual Studio Version 16
VisualStudioVersion = 16.0.30611.23
MinimumVisualStudioVersion = 10.0.40219.1
Project("{FAE04EC0-301F-11D3-BF4B-00C04F79EFBC}") = "Linq", "Linq\Linq.csproj", "{67311C58-BB8D-4E88-BB23-09D865894A93}"
EndProject
Global
	GlobalSection(SolutionConfigurationPlatforms) = preSolution
		Debug|Any CPU = Debug|Any CPU
		Release|Any CPU = Release|Any CPU
	EndGlobalSection
	GlobalSection(ProjectConfigurationPlatforms) = postSolution
		{67311C58-BB8D-4E88-BB23-09D865894A93}.Debug|Any CPU.ActiveCfg = Debug|Any CPU
		{67311C58-BB8D-4E88-BB23-09D865894A93}.Debug|Any CPU.Build.0 = Debug|Any CPU
		{67311C58-BB8D-4E88-BB23-09D865894A93}.Release|Any CPU.ActiveCfg = Release|Any CPU
		{67311C58-BB8D-4E88-BB23-09D865894A93}.Release|Any CPU.Build.0 = Release|Any CPU
	EndGlobalSection
	GlobalSection(SolutionProperties) = preSolution
		HideSolutionNode = FALSE
	EndGlobalSection
	GlobalSection(ExtensibilityGlobals) = postSolution
		SolutionGuid = {B3EFD0BC-03B7-4255-8619-99992F1A5903}
	EndGlobalSection
EndGlobal
