
Microsoft Visual Studio Solution File, Format Version 12.00
# Visual Studio Version 16
VisualStudioVersion = 16.0.30611.23
MinimumVisualStudioVersion = 10.0.40219.1
Project("{FAE04EC0-301F-11D3-BF4B-00C04F79EFBC}") = "ExtensionMethods", "ExtensionMethods\ExtensionMethods.csproj", "{C1B9B9A2-7C52-4557-965A-D7D0FA461EA6}"
EndProject
Global
	GlobalSection(SolutionConfigurationPlatforms) = preSolution
		Debug|Any CPU = Debug|Any CPU
		Release|Any CPU = Release|Any CPU
	EndGlobalSection
	GlobalSection(ProjectConfigurationPlatforms) = postSolution
		{C1B9B9A2-7C52-4557-965A-D7D0FA461EA6}.Debug|Any CPU.ActiveCfg = Debug|Any CPU
		{C1B9B9A2-7C52-4557-965A-D7D0FA461EA6}.Debug|Any CPU.Build.0 = Debug|Any CPU
		{C1B9B9A2-7C52-4557-965A-D7D0FA461EA6}.Release|Any CPU.ActiveCfg = Release|Any CPU
		{C1B9B9A2-7C52-4557-965A-D7D0FA461EA6}.Release|Any CPU.Build.0 = Release|Any CPU
	EndGlobalSection
	GlobalSection(SolutionProperties) = preSolution
		HideSolutionNode = FALSE
	EndGlobalSection
	GlobalSection(ExtensibilityGlobals) = postSolution
		SolutionGuid = {632E25E2-1BAB-418A-98CA-BE61262AA35F}
	EndGlobalSection
EndGlobal
