
Microsoft Visual Studio Solution File, Format Version 12.00
# Visual Studio Version 16
VisualStudioVersion = 16.0.30611.23
MinimumVisualStudioVersion = 10.0.40219.1
Project("{FAE04EC0-301F-11D3-BF4B-00C04F79EFBC}") = "Constructors", "Constructors\Constructors.csproj", "{BB9C2DFA-A355-4645-A2DB-EEBF86CB22AE}"
EndProject
Global
	GlobalSection(SolutionConfigurationPlatforms) = preSolution
		Debug|Any CPU = Debug|Any CPU
		Release|Any CPU = Release|Any CPU
	EndGlobalSection
	GlobalSection(ProjectConfigurationPlatforms) = postSolution
		{BB9C2DFA-A355-4645-A2DB-EEBF86CB22AE}.Debug|Any CPU.ActiveCfg = Debug|Any CPU
		{BB9C2DFA-A355-4645-A2DB-EEBF86CB22AE}.Debug|Any CPU.Build.0 = Debug|Any CPU
		{BB9C2DFA-A355-4645-A2DB-EEBF86CB22AE}.Release|Any CPU.ActiveCfg = Release|Any CPU
		{BB9C2DFA-A355-4645-A2DB-EEBF86CB22AE}.Release|Any CPU.Build.0 = Release|Any CPU
	EndGlobalSection
	GlobalSection(SolutionProperties) = preSolution
		HideSolutionNode = FALSE
	EndGlobalSection
	GlobalSection(ExtensibilityGlobals) = postSolution
		SolutionGuid = {ECC2CC8F-2A7E-4EE7-B548-025B451A907C}
	EndGlobalSection
EndGlobal
