
Microsoft Visual Studio Solution File, Format Version 12.00
# Visual Studio Version 16
VisualStudioVersion = 16.0.30611.23
MinimumVisualStudioVersion = 10.0.40219.1
Project("{FAE04EC0-301F-11D3-BF4B-00C04F79EFBC}") = "NullableTypes", "NullableTypes\NullableTypes.csproj", "{065CF816-EC99-4BD8-A63A-9E8DB323E7A4}"
EndProject
Global
	GlobalSection(SolutionConfigurationPlatforms) = preSolution
		Debug|Any CPU = Debug|Any CPU
		Release|Any CPU = Release|Any CPU
	EndGlobalSection
	GlobalSection(ProjectConfigurationPlatforms) = postSolution
		{065CF816-EC99-4BD8-A63A-9E8DB323E7A4}.Debug|Any CPU.ActiveCfg = Debug|Any CPU
		{065CF816-EC99-4BD8-A63A-9E8DB323E7A4}.Debug|Any CPU.Build.0 = Debug|Any CPU
		{065CF816-EC99-4BD8-A63A-9E8DB323E7A4}.Release|Any CPU.ActiveCfg = Release|Any CPU
		{065CF816-EC99-4BD8-A63A-9E8DB323E7A4}.Release|Any CPU.Build.0 = Release|Any CPU
	EndGlobalSection
	GlobalSection(SolutionProperties) = preSolution
		HideSolutionNode = FALSE
	EndGlobalSection
	GlobalSection(ExtensibilityGlobals) = postSolution
		SolutionGuid = {E422E80F-6DF6-4AB6-A698-AF0A3F18FD23}
	EndGlobalSection
EndGlobal
