
Microsoft Visual Studio Solution File, Format Version 12.00
# Visual Studio Version 16
VisualStudioVersion = 16.0.30611.23
MinimumVisualStudioVersion = 10.0.40219.1
Project("{FAE04EC0-301F-11D3-BF4B-00C04F79EFBC}") = "Classes", "Classes\Classes.csproj", "{6EA70DD0-D739-4702-B2F0-281DAA9D2F04}"
EndProject
Global
	GlobalSection(SolutionConfigurationPlatforms) = preSolution
		Debug|Any CPU = Debug|Any CPU
		Release|Any CPU = Release|Any CPU
	EndGlobalSection
	GlobalSection(ProjectConfigurationPlatforms) = postSolution
		{6EA70DD0-D739-4702-B2F0-281DAA9D2F04}.Debug|Any CPU.ActiveCfg = Debug|Any CPU
		{6EA70DD0-D739-4702-B2F0-281DAA9D2F04}.Debug|Any CPU.Build.0 = Debug|Any CPU
		{6EA70DD0-D739-4702-B2F0-281DAA9D2F04}.Release|Any CPU.ActiveCfg = Release|Any CPU
		{6EA70DD0-D739-4702-B2F0-281DAA9D2F04}.Release|Any CPU.Build.0 = Release|Any CPU
	EndGlobalSection
	GlobalSection(SolutionProperties) = preSolution
		HideSolutionNode = FALSE
	EndGlobalSection
	GlobalSection(ExtensibilityGlobals) = postSolution
		SolutionGuid = {442A740B-D765-4A65-BF5B-B431F1FF9500}
	EndGlobalSection
EndGlobal
