
Microsoft Visual Studio Solution File, Format Version 12.00
# Visual Studio Version 16
VisualStudioVersion = 16.0.30611.23
MinimumVisualStudioVersion = 10.0.40219.1
Project("{FAE04EC0-301F-11D3-BF4B-00C04F79EFBC}") = "Methods", "Methods\Methods.csproj", "{3CDBB197-AE4B-410E-B762-B948A9A9AA20}"
EndProject
Global
	GlobalSection(SolutionConfigurationPlatforms) = preSolution
		Debug|Any CPU = Debug|Any CPU
		Release|Any CPU = Release|Any CPU
	EndGlobalSection
	GlobalSection(ProjectConfigurationPlatforms) = postSolution
		{3CDBB197-AE4B-410E-B762-B948A9A9AA20}.Debug|Any CPU.ActiveCfg = Debug|Any CPU
		{3CDBB197-AE4B-410E-B762-B948A9A9AA20}.Debug|Any CPU.Build.0 = Debug|Any CPU
		{3CDBB197-AE4B-410E-B762-B948A9A9AA20}.Release|Any CPU.ActiveCfg = Release|Any CPU
		{3CDBB197-AE4B-410E-B762-B948A9A9AA20}.Release|Any CPU.Build.0 = Release|Any CPU
	EndGlobalSection
	GlobalSection(SolutionProperties) = preSolution
		HideSolutionNode = FALSE
	EndGlobalSection
	GlobalSection(ExtensibilityGlobals) = postSolution
		SolutionGuid = {D6E33EBB-29EE-4855-B113-9B68478AB285}
	EndGlobalSection
EndGlobal
