
Microsoft Visual Studio Solution File, Format Version 12.00
# Visual Studio Version 16
VisualStudioVersion = 16.0.30611.23
MinimumVisualStudioVersion = 10.0.40219.1
Project("{FAE04EC0-301F-11D3-BF4B-00C04F79EFBC}") = "Casting", "Casting\Casting.csproj", "{AE7ED9FB-C187-4914-8C1C-2001EE584E31}"
EndProject
Global
	GlobalSection(SolutionConfigurationPlatforms) = preSolution
		Debug|Any CPU = Debug|Any CPU
		Release|Any CPU = Release|Any CPU
	EndGlobalSection
	GlobalSection(ProjectConfigurationPlatforms) = postSolution
		{AE7ED9FB-C187-4914-8C1C-2001EE584E31}.Debug|Any CPU.ActiveCfg = Debug|Any CPU
		{AE7ED9FB-C187-4914-8C1C-2001EE584E31}.Debug|Any CPU.Build.0 = Debug|Any CPU
		{AE7ED9FB-C187-4914-8C1C-2001EE584E31}.Release|Any CPU.ActiveCfg = Release|Any CPU
		{AE7ED9FB-C187-4914-8C1C-2001EE584E31}.Release|Any CPU.Build.0 = Release|Any CPU
	EndGlobalSection
	GlobalSection(SolutionProperties) = preSolution
		HideSolutionNode = FALSE
	EndGlobalSection
	GlobalSection(ExtensibilityGlobals) = postSolution
		SolutionGuid = {8A1C5B86-C4D7-41B1-9810-60C843556D15}
	EndGlobalSection
EndGlobal
