
Microsoft Visual Studio Solution File, Format Version 12.00
# Visual Studio Version 16
VisualStudioVersion = 16.0.30611.23
MinimumVisualStudioVersion = 10.0.40219.1
Project("{FAE04EC0-301F-11D3-BF4B-00C04F79EFBC}") = "Testability", "Testability\Testability.csproj", "{4DF7C779-E7B0-4088-9CCC-E24C9A8EFCDF}"
EndProject
Project("{FAE04EC0-301F-11D3-BF4B-00C04F79EFBC}") = "Testability.Tests", "Testability.Tests\Testability.Tests.csproj", "{9E520754-C05C-448C-A297-E151F69DCBF9}"
EndProject
Global
	GlobalSection(SolutionConfigurationPlatforms) = preSolution
		Debug|Any CPU = Debug|Any CPU
		Release|Any CPU = Release|Any CPU
	EndGlobalSection
	GlobalSection(ProjectConfigurationPlatforms) = postSolution
		{4DF7C779-E7B0-4088-9CCC-E24C9A8EFCDF}.Debug|Any CPU.ActiveCfg = Debug|Any CPU
		{4DF7C779-E7B0-4088-9CCC-E24C9A8EFCDF}.Debug|Any CPU.Build.0 = Debug|Any CPU
		{4DF7C779-E7B0-4088-9CCC-E24C9A8EFCDF}.Release|Any CPU.ActiveCfg = Release|Any CPU
		{4DF7C779-E7B0-4088-9CCC-E24C9A8EFCDF}.Release|Any CPU.Build.0 = Release|Any CPU
		{9E520754-C05C-448C-A297-E151F69DCBF9}.Debug|Any CPU.ActiveCfg = Debug|Any CPU
		{9E520754-C05C-448C-A297-E151F69DCBF9}.Debug|Any CPU.Build.0 = Debug|Any CPU
		{9E520754-C05C-448C-A297-E151F69DCBF9}.Release|Any CPU.ActiveCfg = Release|Any CPU
		{9E520754-C05C-448C-A297-E151F69DCBF9}.Release|Any CPU.Build.0 = Release|Any CPU
	EndGlobalSection
	GlobalSection(SolutionProperties) = preSolution
		HideSolutionNode = FALSE
	EndGlobalSection
	GlobalSection(ExtensibilityGlobals) = postSolution
		SolutionGuid = {F455CBE3-63B3-4051-AAAD-2A604D89322F}
	EndGlobalSection
EndGlobal
