
Microsoft Visual Studio Solution File, Format Version 12.00
# Visual Studio Version 16
VisualStudioVersion = 16.0.30611.23
MinimumVisualStudioVersion = 10.0.40219.1
Project("{FAE04EC0-301F-11D3-BF4B-00C04F79EFBC}") = "Generics", "Generics\Generics.csproj", "{D912101F-6F68-4C70-A3D9-0AB95D20F110}"
EndProject
Global
	GlobalSection(SolutionConfigurationPlatforms) = preSolution
		Debug|Any CPU = Debug|Any CPU
		Release|Any CPU = Release|Any CPU
	EndGlobalSection
	GlobalSection(ProjectConfigurationPlatforms) = postSolution
		{D912101F-6F68-4C70-A3D9-0AB95D20F110}.Debug|Any CPU.ActiveCfg = Debug|Any CPU
		{D912101F-6F68-4C70-A3D9-0AB95D20F110}.Debug|Any CPU.Build.0 = Debug|Any CPU
		{D912101F-6F68-4C70-A3D9-0AB95D20F110}.Release|Any CPU.ActiveCfg = Release|Any CPU
		{D912101F-6F68-4C70-A3D9-0AB95D20F110}.Release|Any CPU.Build.0 = Release|Any CPU
	EndGlobalSection
	GlobalSection(SolutionProperties) = preSolution
		HideSolutionNode = FALSE
	EndGlobalSection
	GlobalSection(ExtensibilityGlobals) = postSolution
		SolutionGuid = {E34B4859-C246-4F1C-8827-14D1EDEB49A6}
	EndGlobalSection
EndGlobal
