
Microsoft Visual Studio Solution File, Format Version 12.00
# Visual Studio Version 16
VisualStudioVersion = 16.0.30611.23
MinimumVisualStudioVersion = 10.0.40219.1
Project("{FAE04EC0-301F-11D3-BF4B-00C04F79EFBC}") = "Composition", "Composition\Composition.csproj", "{88C3E0AE-93FF-4924-B44B-A0F85BB35768}"
EndProject
Global
	GlobalSection(SolutionConfigurationPlatforms) = preSolution
		Debug|Any CPU = Debug|Any CPU
		Release|Any CPU = Release|Any CPU
	EndGlobalSection
	GlobalSection(ProjectConfigurationPlatforms) = postSolution
		{88C3E0AE-93FF-4924-B44B-A0F85BB35768}.Debug|Any CPU.ActiveCfg = Debug|Any CPU
		{88C3E0AE-93FF-4924-B44B-A0F85BB35768}.Debug|Any CPU.Build.0 = Debug|Any CPU
		{88C3E0AE-93FF-4924-B44B-A0F85BB35768}.Release|Any CPU.ActiveCfg = Release|Any CPU
		{88C3E0AE-93FF-4924-B44B-A0F85BB35768}.Release|Any CPU.Build.0 = Release|Any CPU
	EndGlobalSection
	GlobalSection(SolutionProperties) = preSolution
		HideSolutionNode = FALSE
	EndGlobalSection
	GlobalSection(ExtensibilityGlobals) = postSolution
		SolutionGuid = {008CFECA-12AF-45E7-8C89-D786548684EB}
	EndGlobalSection
EndGlobal
